Microsoft Visual Studio Solution File, Format Version 12.00
# Visual Studio 2012
Project("{FAE04EC0-301F-11D3-BF4B-00C04F79EFBC}") = "retroterrain", "retroterrain.csproj", "{544F83DC-2D50-4F97-9204-410B82A4CAAA}"
EndProject
Global
	GlobalSection(SolutionConfigurationPlatforms) = preSolution
	Debug|Any CPU = Debug|Any CPU
	ExportDebug|Any CPU = ExportDebug|Any CPU
	ExportRelease|Any CPU = ExportRelease|Any CPU
	EndGlobalSection
	GlobalSection(ProjectConfigurationPlatforms) = postSolution
		{544F83DC-2D50-4F97-9204-410B82A4CAAA}.Debug|Any CPU.ActiveCfg = Debug|Any CPU
		{544F83DC-2D50-4F97-9204-410B82A4CAAA}.Debug|Any CPU.Build.0 = Debug|Any CPU
		{544F83DC-2D50-4F97-9204-410B82A4CAAA}.ExportDebug|Any CPU.ActiveCfg = ExportDebug|Any CPU
		{544F83DC-2D50-4F97-9204-410B82A4CAAA}.ExportDebug|Any CPU.Build.0 = ExportDebug|Any CPU
		{544F83DC-2D50-4F97-9204-410B82A4CAAA}.ExportRelease|Any CPU.ActiveCfg = ExportRelease|Any CPU
		{544F83DC-2D50-4F97-9204-410B82A4CAAA}.ExportRelease|Any CPU.Build.0 = ExportRelease|Any CPU
	EndGlobalSection
EndGlobal
